<?xml version="1.0" encoding="utf-8"?>
<Project ToolsVersion="4.0" xmlns="http://schemas.microsoft.com/developer/msbuild/2003">
  <ItemGroup>
    <Filter Include="Source Files">
      <UniqueIdentifier>{4FC737F1-C7A5-4376-A066-2A32D752A2FF}</UniqueIdentifier>
      <Extensions>cpp;c;cc;cxx;def;odl;idl;hpj;bat;asm;asmx</Extensions>
    </Filter>
    <Filter Include="Header Files">
      <UniqueIdentifier>{93995380-89BD-4b04-88EB-625FBE52EBFB}</UniqueIdentifier>
      <Extensions>h;hh;hpp;hxx;hm;inl;inc;xsd</Extensions>
    </Filter>
    <Filter Include="Resource Files">
      <UniqueIdentifier>{67DA6AB6-F800-4c08-8B7A-83BB121AAD01}</UniqueIdentifier>
      <Extensions>rc;ico;cur;bmp;dlg;rc2;rct;bin;rgs;gif;jpg;jpeg;jpe;resx;tiff;tif;png;wav;mfcribbon-ms</Extensions>
    </Filter>
    <Filter Include="Header Files\modules">
      <UniqueIdentifier>{a594410a-6573-485e-be0d-7c7ab1f641d5}</UniqueIdentifier>
    </Filter>
    <Filter Include="Header Files\cubez">
      <UniqueIdentifier>{1b57566b-e36f-42d2-8dc9-70bd35680451}</UniqueIdentifier>
    </Filter>
    <Filter Include="Header Files\utils">
      <UniqueIdentifier>{6ec1b21c-472f-45eb-8bb8-428f647aa5ee}</UniqueIdentifier>
    </Filter>
    <Filter Include="Source Files\modules">
      <UniqueIdentifier>{d812ce4b-2933-4419-8631-91227cdb52ea}</UniqueIdentifier>
    </Filter>
    <Filter Include="Source Files\utils">
      <UniqueIdentifier>{33ae528f-08f5-4e76-8afc-d85ad8dfb207}</UniqueIdentifier>
    </Filter>
    <Filter Include="Source Files\ultralight">
      <UniqueIdentifier>{d31358ff-fa4b-4473-929b-e1fc37284ccb}</UniqueIdentifier>
    </Filter>
    <Filter Include="Header Files\ultralight">
      <UniqueIdentifier>{6a187774-bfdc-460b-a91b-25bd3477fe72}</UniqueIdentifier>
    </Filter>
  </ItemGroup>
  <ItemGroup>
    <Image Include="..\..\..\example\ball.bmp">
      <Filter>Resource Files</Filter>
    </Image>
  </ItemGroup>
  <ItemGroup>
    <ClCompile Include="..\..\..\example\ball.cpp">
      <Filter>Source Files</Filter>
    </ClCompile>
    <ClCompile Include="..\..\..\example\main.cpp">
      <Filter>Source Files</Filter>
    </ClCompile>
    <ClCompile Include="..\..\..\example\player.cpp">
      <Filter>Source Files</Filter>
    </ClCompile>
    <ClCompile Include="..\..\..\example\planet.cpp">
      <Filter>Source Files</Filter>
    </ClCompile>
    <ClCompile Include="..\..\..\example\gui.cpp">
      <Filter>Source Files\modules</Filter>
    </ClCompile>
    <ClCompile Include="..\..\..\example\input.cpp">
      <Filter>Source Files\modules</Filter>
    </ClCompile>
    <ClCompile Include="..\..\..\example\log.cpp">
      <Filter>Source Files\modules</Filter>
    </ClCompile>
    <ClCompile Include="..\..\..\example\mesh.cpp">
      <Filter>Source Files\modules</Filter>
    </ClCompile>
    <ClCompile Include="..\..\..\example\network.cpp">
      <Filter>Source Files\modules</Filter>
    </ClCompile>
    <ClCompile Include="..\..\..\example\physics.cpp">
      <Filter>Source Files\modules</Filter>
    </ClCompile>
    <ClCompile Include="..\..\..\example\render.cpp">
      <Filter>Source Files\modules</Filter>
    </ClCompile>
    <ClCompile Include="..\..\..\example\socket.cpp">
      <Filter>Source Files\modules</Filter>
    </ClCompile>
    <ClCompile Include="..\..\..\example\mesh_builder.cpp">
      <Filter>Source Files\utils</Filter>
    </ClCompile>
    <ClCompile Include="..\..\..\example\collision_utils.cpp">
      <Filter>Source Files\utils</Filter>
    </ClCompile>
    <ClCompile Include="..\..\..\example\gjk.cpp">
      <Filter>Source Files\utils</Filter>
    </ClCompile>
    <ClCompile Include="..\..\..\example\celestial_object.cpp">
      <Filter>Source Files</Filter>
    </ClCompile>
    <ClCompile Include="..\..\..\example\items.cpp">
      <Filter>Source Files</Filter>
    </ClCompile>
    <ClCompile Include="..\..\..\example\cubez_gpu_driver.cpp">
      <Filter>Source Files\ultralight</Filter>
    </ClCompile>
    <ClCompile Include="..\..\..\example\empty_overlay.cpp">
      <Filter>Source Files\ultralight</Filter>
    </ClCompile>
    <ClCompile Include="..\..\..\example\ultralight_platform_impl.cpp">
      <Filter>Source Files\ultralight</Filter>
    </ClCompile>
    <ClCompile Include="..\..\..\example\overlay.cpp">
      <Filter>Source Files\ultralight</Filter>
    </ClCompile>
  </ItemGroup>
  <ItemGroup>
    <ClInclude Include="..\..\..\example\player.h">
      <Filter>Header Files</Filter>
    </ClInclude>
    <ClInclude Include="..\..\..\example\ball.h">
      <Filter>Header Files</Filter>
    </ClInclude>
    <ClInclude Include="..\..\..\inc\common.h">
      <Filter>Header Files</Filter>
    </ClInclude>
    <ClInclude Include="..\..\..\example\planet.h">
      <Filter>Header Files</Filter>
    </ClInclude>
    <ClInclude Include="..\..\..\example\physics.h">
      <Filter>Header Files\modules</Filter>
    </ClInclude>
    <ClInclude Include="..\..\..\example\render.h">
      <Filter>Header Files\modules</Filter>
    </ClInclude>
    <ClInclude Include="..\..\..\example\shader.h">
      <Filter>Header Files\modules</Filter>
    </ClInclude>
    <ClInclude Include="..\..\..\example\network.h">
      <Filter>Header Files\modules</Filter>
    </ClInclude>
    <ClInclude Include="..\..\..\example\collision_utils.h">
      <Filter>Header Files\utils</Filter>
    </ClInclude>
    <ClInclude Include="..\..\..\example\input.h">
      <Filter>Header Files\modules</Filter>
    </ClInclude>
    <ClInclude Include="..\..\..\example\gjk.h">
      <Filter>Header Files\utils</Filter>
    </ClInclude>
    <ClInclude Include="..\..\..\example\gui.h">
      <Filter>Header Files\modules</Filter>
    </ClInclude>
    <ClInclude Include="..\..\..\example\log.h">
      <Filter>Header Files\modules</Filter>
    </ClInclude>
    <ClInclude Include="..\..\..\example\mesh.h">
      <Filter>Header Files\modules</Filter>
    </ClInclude>
    <ClInclude Include="..\..\..\example\mesh_builder.h">
      <Filter>Header Files\utils</Filter>
    </ClInclude>
    <ClInclude Include="..\..\..\example\socket.h">
      <Filter>Header Files\modules</Filter>
    </ClInclude>
    <ClInclude Include="..\..\..\example\stb_image.h">
      <Filter>Header Files\utils</Filter>
    </ClInclude>
    <ClInclude Include="..\..\..\example\items.h">
      <Filter>Header Files</Filter>
    </ClInclude>
    <ClInclude Include="..\..\..\example\celestial_object.h">
      <Filter>Header Files</Filter>
    </ClInclude>
    <ClInclude Include="..\..\..\example\building_grid.h">
      <Filter>Header Files</Filter>
    </ClInclude>
    <ClInclude Include="..\..\..\example\entity.h">
      <Filter>Header Files\utils</Filter>
    </ClInclude>
    <ClInclude Include="..\..\..\example\cubez_gpu_driver.h">
      <Filter>Header Files\ultralight</Filter>
    </ClInclude>
    <ClInclude Include="..\..\..\example\empty_overlay.h">
      <Filter>Header Files\ultralight</Filter>
    </ClInclude>
    <ClInclude Include="..\..\..\include\cubez\common.h">
      <Filter>Header Files\cubez</Filter>
    </ClInclude>
    <ClInclude Include="..\..\..\include\cubez\cubez.h">
      <Filter>Header Files\cubez</Filter>
    </ClInclude>
    <ClInclude Include="..\..\..\include\cubez\socket.h">
      <Filter>Header Files\cubez</Filter>
    </ClInclude>
    <ClInclude Include="..\..\..\include\cubez\timer.h">
      <Filter>Header Files\cubez</Filter>
    </ClInclude>
    <ClInclude Include="..\..\..\include\cubez\xdr.h">
      <Filter>Header Files\cubez</Filter>
    </ClInclude>
    <ClInclude Include="..\..\..\example\overlay.h">
      <Filter>Header Files\ultralight</Filter>
    </ClInclude>
  </ItemGroup>
</Project>